// !$*UTF8*$!
{
	archiveVersion = 1;
	classes = {
	};
	objectVersion = 46;
	objects = {

/* Begin PBXBuildFile section */
		8A047BE9176F26B6008B2447 /* Default~ipad.png in Resources */ = {isa = PBXBuildFile; fileRef = 8A047BE8176F26B6008B2447 /* Default~ipad.png */; };
		8A047BED176F2BED008B2447 /* Default-Portrait~iPad.png in Resources */ = {isa = PBXBuildFile; fileRef = 8A047BEC176F2BED008B2447 /* Default-Portrait~iPad.png */; };
		8A047BF1176F2C35008B2447 /* Default-Portrait@2x~iPad.png in Resources */ = {isa = PBXBuildFile; fileRef = 8A047BF0176F2C35008B2447 /* Default-Portrait@2x~iPad.png */; };
		8A047BF5176F2CC2008B2447 /* Default-Landscape~iPad.png in Resources */ = {isa = PBXBuildFile; fileRef = 8A047BF4176F2CC2008B2447 /* Default-Landscape~iPad.png */; };
		8A047BF7176F2CFD008B2447 /* Default-Landscape@2x~iPad.png in Resources */ = {isa = PBXBuildFile; fileRef = 8A047BF6176F2CFD008B2447 /* Default-Landscape@2x~iPad.png */; };
		8A047BFC176F2D72008B2447 /* Accounts.framework in Frameworks */ = {isa = PBXBuildFile; fileRef = 8A047BF8176F2D72008B2447 /* Accounts.framework */; settings = {ATTRIBUTES = (Required, ); }; };
		8A047BFD176F2D72008B2447 /* CoreData.framework in Frameworks */ = {isa = PBXBuildFile; fileRef = 8A047BF9176F2D72008B2447 /* CoreData.framework */; };
		8A047BFF176F2D72008B2447 /* iAd.framework in Frameworks */ = {isa = PBXBuildFile; fileRef = 8A047BFB176F2D72008B2447 /* iAd.framework */; };
		8A047C02176F2D8A008B2447 /* MessageUI.framework in Frameworks */ = {isa = PBXBuildFile; fileRef = 8A047C00176F2D8A008B2447 /* MessageUI.framework */; settings = {ATTRIBUTES = (Required, ); }; };
		8A047C03176F2D8A008B2447 /* Twitter.framework in Frameworks */ = {isa = PBXBuildFile; fileRef = 8A047C01176F2D8A008B2447 /* Twitter.framework */; settings = {ATTRIBUTES = (Required, ); }; };
		8A047C07176F2E6D008B2447 /* bSettings.m in Sources */ = {isa = PBXBuildFile; fileRef = 8A047C06176F2E6D008B2447 /* bSettings.m */; };
		8A047C0B176F2EBE008B2447 /* Reachability.m in Sources */ = {isa = PBXBuildFile; fileRef = 8A047C0A176F2EBE008B2447 /* Reachability.m */; settings = {COMPILER_FLAGS = "-fno-objc-arc"; }; };
		8A047C0F176F2F53008B2447 /* SystemConfiguration.framework in Frameworks */ = {isa = PBXBuildFile; fileRef = 8A047C0E176F2F53008B2447 /* SystemConfiguration.framework */; };
		8A047C12176F300A008B2447 /* Synchronization.m in Sources */ = {isa = PBXBuildFile; fileRef = 8A047C11176F300A008B2447 /* Synchronization.m */; };
		8A65CA23176F33B700F4F10E /* MainStoryboard_iPad.storyboard in Resources */ = {isa = PBXBuildFile; fileRef = 8A65CA1F176F33B700F4F10E /* MainStoryboard_iPad.storyboard */; };
		8A65CA24176F33B700F4F10E /* MainStoryboard_iPhone.storyboard in Resources */ = {isa = PBXBuildFile; fileRef = 8A65CA21176F33B700F4F10E /* MainStoryboard_iPhone.storyboard */; };
		8A65CA27176F35C200F4F10E /* NewestOffers.m in Sources */ = {isa = PBXBuildFile; fileRef = 8A65CA26176F35C200F4F10E /* NewestOffers.m */; };
		8A65CA2A176F35D500F4F10E /* OffersPeople.m in Sources */ = {isa = PBXBuildFile; fileRef = 8A65CA29176F35D500F4F10E /* OffersPeople.m */; };
		8A65CA2D176F35E300F4F10E /* OffersCompanies.m in Sources */ = {isa = PBXBuildFile; fileRef = 8A65CA2C176F35E300F4F10E /* OffersCompanies.m */; };
		8A65CA30176F35EE00F4F10E /* OfferDetails.m in Sources */ = {isa = PBXBuildFile; fileRef = 8A65CA2F176F35EE00F4F10E /* OfferDetails.m */; };
		8A65CA33176F35F800F4F10E /* Search.m in Sources */ = {isa = PBXBuildFile; fileRef = 8A65CA32176F35F800F4F10E /* Search.m */; };
		8A65CA37176F360700F4F10E /* SearchResults.m in Sources */ = {isa = PBXBuildFile; fileRef = 8A65CA36176F360700F4F10E /* SearchResults.m */; };
		8A65CA3A176F361100F4F10E /* Post.m in Sources */ = {isa = PBXBuildFile; fileRef = 8A65CA39176F361100F4F10E /* Post.m */; };
		8A65CA40176F375F00F4F10E /* BombaJob.xcdatamodeld in Sources */ = {isa = PBXBuildFile; fileRef = 8A65CA3E176F375F00F4F10E /* BombaJob.xcdatamodeld */; };
		8A65CA45176F377700F4F10E /* DBManagedObjectContext.m in Sources */ = {isa = PBXBuildFile; fileRef = 8A65CA44176F377700F4F10E /* DBManagedObjectContext.m */; };
		8A65CA54176F406300F4F10E /* dbCategory.m in Sources */ = {isa = PBXBuildFile; fileRef = 8A65CA53176F406300F4F10E /* dbCategory.m */; };
		8A65CA57176F406300F4F10E /* dbTextContent.m in Sources */ = {isa = PBXBuildFile; fileRef = 8A65CA56176F406300F4F10E /* dbTextContent.m */; };
		8A65CA5A176F406300F4F10E /* dbSettings.m in Sources */ = {isa = PBXBuildFile; fileRef = 8A65CA59176F406300F4F10E /* dbSettings.m */; };
		8A65CA5D176F406400F4F10E /* dbJobOffer.m in Sources */ = {isa = PBXBuildFile; fileRef = 8A65CA5C176F406400F4F10E /* dbJobOffer.m */; };
		8A65CA61176F408400F4F10E /* BlackAlertView.m in Sources */ = {isa = PBXBuildFile; fileRef = 8A65CA60176F408400F4F10E /* BlackAlertView.m */; settings = {COMPILER_FLAGS = "-fno-objc-arc"; }; };
		8A65CA64176F40AD00F4F10E /* URLReader.m in Sources */ = {isa = PBXBuildFile; fileRef = 8A65CA63176F40AD00F4F10E /* URLReader.m */; };
		8A65CA6A176F410700F4F10E /* WebService.m in Sources */ = {isa = PBXBuildFile; fileRef = 8A65CA67176F410700F4F10E /* WebService.m */; };
		8A65CA6B176F410700F4F10E /* Sync.m in Sources */ = {isa = PBXBuildFile; fileRef = 8A65CA69176F410700F4F10E /* Sync.m */; };
		8A65CA76176F431400F4F10E /* Ubuntu-Bold.ttf in Resources */ = {isa = PBXBuildFile; fileRef = 8A65CA6D176F431400F4F10E /* Ubuntu-Bold.ttf */; };
		8A65CA77176F431400F4F10E /* Ubuntu-BoldItalic.ttf in Resources */ = {isa = PBXBuildFile; fileRef = 8A65CA6E176F431400F4F10E /* Ubuntu-BoldItalic.ttf */; };
		8A65CA78176F431400F4F10E /* Ubuntu-Italic.ttf in Resources */ = {isa = PBXBuildFile; fileRef = 8A65CA6F176F431400F4F10E /* Ubuntu-Italic.ttf */; };
		8A65CA79176F431400F4F10E /* Ubuntu-Light.ttf in Resources */ = {isa = PBXBuildFile; fileRef = 8A65CA70176F431400F4F10E /* Ubuntu-Light.ttf */; };
		8A65CA7A176F431400F4F10E /* Ubuntu-LightItalic.ttf in Resources */ = {isa = PBXBuildFile; fileRef = 8A65CA71176F431400F4F10E /* Ubuntu-LightItalic.ttf */; };
		8A65CA7B176F431400F4F10E /* Ubuntu-Medium.ttf in Resources */ = {isa = PBXBuildFile; fileRef = 8A65CA72176F431400F4F10E /* Ubuntu-Medium.ttf */; };
		8A65CA7C176F431400F4F10E /* Ubuntu-MediumItalic.ttf in Resources */ = {isa = PBXBuildFile; fileRef = 8A65CA73176F431400F4F10E /* Ubuntu-MediumItalic.ttf */; };
		8A65CA7D176F431400F4F10E /* Ubuntu-Regular.ttf in Resources */ = {isa = PBXBuildFile; fileRef = 8A65CA74176F431400F4F10E /* Ubuntu-Regular.ttf */; };
		8A65CA7E176F431400F4F10E /* UFL.txt in Resources */ = {isa = PBXBuildFile; fileRef = 8A65CA75176F431400F4F10E /* UFL.txt */; };
		8A65CA80176F441000F4F10E /* Localizable.strings in Resources */ = {isa = PBXBuildFile; fileRef = 8A65CA7F176F441000F4F10E /* Localizable.strings */; };
		8A65CA83176F444C00F4F10E /* bg-pattern.png in Resources */ = {isa = PBXBuildFile; fileRef = 8A65CA82176F444C00F4F10E /* bg-pattern.png */; };
		8A65CADC176F5D7D00F4F10E /* tab-newest.png in Resources */ = {isa = PBXBuildFile; fileRef = 8A65CAD0176F5D7D00F4F10E /* tab-newest.png */; };
		8A65CADD176F5D7D00F4F10E /* tab-newest@2x.png in Resources */ = {isa = PBXBuildFile; fileRef = 8A65CAD1176F5D7D00F4F10E /* tab-newest@2x.png */; };
		8A65CADE176F5D7D00F4F10E /* tab-offers.png in Resources */ = {isa = PBXBuildFile; fileRef = 8A65CAD2176F5D7D00F4F10E /* tab-offers.png */; };
		8A65CADF176F5D7D00F4F10E /* tab-offers@2x.png in Resources */ = {isa = PBXBuildFile; fileRef = 8A65CAD3176F5D7D00F4F10E /* tab-offers@2x.png */; };
		8A65CAE0176F5D7D00F4F10E /* tab-people.png in Resources */ = {isa = PBXBuildFile; fileRef = 8A65CAD4176F5D7D00F4F10E /* tab-people.png */; };
		8A65CAE1176F5D7D00F4F10E /* tab-people@2x.png in Resources */ = {isa = PBXBuildFile; fileRef = 8A65CAD5176F5D7D00F4F10E /* tab-people@2x.png */; };
		8A65CAE2176F5D7D00F4F10E /* tab-post.png in Resources */ = {isa = PBXBuildFile; fileRef = 8A65CAD6176F5D7D00F4F10E /* tab-post.png */; };
		8A65CAE3176F5D7D00F4F10E /* tab-post@2x.png in Resources */ = {isa = PBXBuildFile; fileRef = 8A65CAD7176F5D7D00F4F10E /* tab-post@2x.png */; };
		8A65CAE4176F5D7D00F4F10E /* tab-search.png in Resources */ = {isa = PBXBuildFile; fileRef = 8A65CAD8176F5D7D00F4F10E /* tab-search.png */; };
		8A65CAE5176F5D7D00F4F10E /* tab-search@2x.png in Resources */ = {isa = PBXBuildFile; fileRef = 8A65CAD9176F5D7D00F4F10E /* tab-search@2x.png */; };
		8A65CAE6176F5D7D00F4F10E /* tab-settings.png in Resources */ = {isa = PBXBuildFile; fileRef = 8A65CADA176F5D7D00F4F10E /* tab-settings.png */; };
		8A65CAE7176F5D7D00F4F10E /* tab-settings@2x.png in Resources */ = {isa = PBXBuildFile; fileRef = 8A65CADB176F5D7D00F4F10E /* tab-settings@2x.png */; };
		8A65CAEA176F5F1B00F4F10E /* Settings.m in Sources */ = {isa = PBXBuildFile; fileRef = 8A65CAE9176F5F1A00F4F10E /* Settings.m */; };
		8A65CAF0177076EF00F4F10E /* TabbarController.m in Sources */ = {isa = PBXBuildFile; fileRef = 8A65CAEF177076EF00F4F10E /* TabbarController.m */; };
		8A65CAF3177083D600F4F10E /* tabbar.png in Resources */ = {isa = PBXBuildFile; fileRef = 8A65CAF1177083D600F4F10E /* tabbar.png */; };
		8A65CAF4177083D600F4F10E /* tabbar@2x.png in Resources */ = {isa = PBXBuildFile; fileRef = 8A65CAF2177083D600F4F10E /* tabbar@2x.png */; };
		8A65CAF7177084DB00F4F10E /* tabbar_selected.png in Resources */ = {isa = PBXBuildFile; fileRef = 8A65CAF5177084DB00F4F10E /* tabbar_selected.png */; };
		8A65CAF8177084DB00F4F10E /* tabbar_selected@2x.png in Resources */ = {isa = PBXBuildFile; fileRef = 8A65CAF6177084DB00F4F10E /* tabbar_selected@2x.png */; };
		8A65CB001770AC3200F4F10E /* tab-about.png in Resources */ = {isa = PBXBuildFile; fileRef = 8A65CAFE1770AC3200F4F10E /* tab-about.png */; };
		8A65CB011770AC3200F4F10E /* tab-about@2x.png in Resources */ = {isa = PBXBuildFile; fileRef = 8A65CAFF1770AC3200F4F10E /* tab-about@2x.png */; };
		8A65CB041770AC8200F4F10E /* About.m in Sources */ = {isa = PBXBuildFile; fileRef = 8A65CB031770AC8200F4F10E /* About.m */; };
		8A65CB071770AFEC00F4F10E /* icon_company@2x.png in Resources */ = {isa = PBXBuildFile; fileRef = 8A65CB051770AFEC00F4F10E /* icon_company@2x.png */; };
		8A65CB081770AFEC00F4F10E /* icon_person@2x.png in Resources */ = {isa = PBXBuildFile; fileRef = 8A65CB061770AFEC00F4F10E /* icon_person@2x.png */; };
		8A65CB0B1770AFFB00F4F10E /* icon_company.png in Resources */ = {isa = PBXBuildFile; fileRef = 8A65CB091770AFFB00F4F10E /* icon_company.png */; };
		8A65CB0C1770AFFB00F4F10E /* icon_person.png in Resources */ = {isa = PBXBuildFile; fileRef = 8A65CB0A1770AFFB00F4F10E /* icon_person.png */; };
		8AA9FCC0176F1575001F3849 /* UIKit.framework in Frameworks */ = {isa = PBXBuildFile; fileRef = 8AA9FCBF176F1575001F3849 /* UIKit.framework */; };
		8AA9FCC2176F1575001F3849 /* Foundation.framework in Frameworks */ = {isa = PBXBuildFile; fileRef = 8AA9FCC1176F1575001F3849 /* Foundation.framework */; };
		8AA9FCC4176F1575001F3849 /* CoreGraphics.framework in Frameworks */ = {isa = PBXBuildFile; fileRef = 8AA9FCC3176F1575001F3849 /* CoreGraphics.framework */; };
		8AA9FCCA176F1575001F3849 /* InfoPlist.strings in Resources */ = {isa = PBXBuildFile; fileRef = 8AA9FCC8176F1575001F3849 /* InfoPlist.strings */; };
		8AA9FCCC176F1575001F3849 /* main.m in Sources */ = {isa = PBXBuildFile; fileRef = 8AA9FCCB176F1575001F3849 /* main.m */; };
		8AA9FCD0176F1575001F3849 /* AppDelegate.m in Sources */ = {isa = PBXBuildFile; fileRef = 8AA9FCCF176F1575001F3849 /* AppDelegate.m */; };
		8AA9FCD2176F1575001F3849 /* Default.png in Resources */ = {isa = PBXBuildFile; fileRef = 8AA9FCD1176F1575001F3849 /* Default.png */; };
		8AA9FCD4176F1575001F3849 /* Default@2x.png in Resources */ = {isa = PBXBuildFile; fileRef = 8AA9FCD3176F1575001F3849 /* Default@2x.png */; };
		8AA9FCD6176F1575001F3849 /* Default-568h@2x.png in Resources */ = {isa = PBXBuildFile; fileRef = 8AA9FCD5176F1575001F3849 /* Default-568h@2x.png */; };
		8AA9FD01176F18F3001F3849 /* Icon-72.png in Resources */ = {isa = PBXBuildFile; fileRef = 8AA9FCFA176F18F3001F3849 /* Icon-72.png */; };
		8AA9FD02176F18F3001F3849 /* Icon-Small-50.png in Resources */ = {isa = PBXBuildFile; fileRef = 8AA9FCFB176F18F3001F3849 /* Icon-Small-50.png */; };
		8AA9FD03176F18F3001F3849 /* Icon-Small.png in Resources */ = {isa = PBXBuildFile; fileRef = 8AA9FCFC176F18F3001F3849 /* Icon-Small.png */; };
		8AA9FD04176F18F3001F3849 /* Icon-Small@2x.png in Resources */ = {isa = PBXBuildFile; fileRef = 8AA9FCFD176F18F3001F3849 /* Icon-Small@2x.png */; };
		8AA9FD05176F18F3001F3849 /* Icon.png in Resources */ = {isa = PBXBuildFile; fileRef = 8AA9FCFE176F18F3001F3849 /* Icon.png */; };
		8AA9FD06176F18F3001F3849 /* Icon@2x.png in Resources */ = {isa = PBXBuildFile; fileRef = 8AA9FCFF176F18F3001F3849 /* Icon@2x.png */; };
		8AA9FD07176F18F3001F3849 /* iTunesArtwork.png in Resources */ = {isa = PBXBuildFile; fileRef = 8AA9FD00176F18F3001F3849 /* iTunesArtwork.png */; };
		8AA9FD09176F1A8D001F3849 /* Icon-72@2x.png in Resources */ = {isa = PBXBuildFile; fileRef = 8AA9FD08176F1A8D001F3849 /* Icon-72@2x.png */; };
		8AA9FD0B176F1ABD001F3849 /* Icon-Small-50@2x.png in Resources */ = {isa = PBXBuildFile; fileRef = 8AA9FD0A176F1ABD001F3849 /* Icon-Small-50@2x.png */; };
/* End PBXBuildFile section */

/* Begin PBXFileReference section */
		8A047BE8176F26B6008B2447 /* Default~ipad.png */ = {isa = PBXFileReference; lastKnownFileType = image.png; path = "Default~ipad.png"; sourceTree = "<group>"; };
		8A047BEC176F2BED008B2447 /* Default-Portrait~iPad.png */ = {isa = PBXFileReference; lastKnownFileType = image.png; path = "Default-Portrait~iPad.png"; sourceTree = "<group>"; };
		8A047BF0176F2C35008B2447 /* Default-Portrait@2x~iPad.png */ = {isa = PBXFileReference; lastKnownFileType = image.png; path = "Default-Portrait@2x~iPad.png"; sourceTree = "<group>"; };
		8A047BF4176F2CC2008B2447 /* Default-Landscape~iPad.png */ = {isa = PBXFileReference; lastKnownFileType = image.png; path = "Default-Landscape~iPad.png"; sourceTree = "<group>"; };
		8A047BF6176F2CFD008B2447 /* Default-Landscape@2x~iPad.png */ = {isa = PBXFileReference; lastKnownFileType = image.png; path = "Default-Landscape@2x~iPad.png"; sourceTree = "<group>"; };
		8A047BF8176F2D72008B2447 /* Accounts.framework */ = {isa = PBXFileReference; lastKnownFileType = wrapper.framework; name = Accounts.framework; path = System/Library/Frameworks/Accounts.framework; sourceTree = SDKROOT; };
		8A047BF9176F2D72008B2447 /* CoreData.framework */ = {isa = PBXFileReference; lastKnownFileType = wrapper.framework; name = CoreData.framework; path = System/Library/Frameworks/CoreData.framework; sourceTree = SDKROOT; };
		8A047BFB176F2D72008B2447 /* iAd.framework */ = {isa = PBXFileReference; lastKnownFileType = wrapper.framework; name = iAd.framework; path = System/Library/Frameworks/iAd.framework; sourceTree = SDKROOT; };
		8A047C00176F2D8A008B2447 /* MessageUI.framework */ = {isa = PBXFileReference; lastKnownFileType = wrapper.framework; name = MessageUI.framework; path = System/Library/Frameworks/MessageUI.framework; sourceTree = SDKROOT; };
		8A047C01176F2D8A008B2447 /* Twitter.framework */ = {isa = PBXFileReference; lastKnownFileType = wrapper.framework; name = Twitter.framework; path = System/Library/Frameworks/Twitter.framework; sourceTree = SDKROOT; };
		8A047C04176F2E2E008B2447 /* SynthesizeSingleton.h */ = {isa = PBXFileReference; fileEncoding = 4; lastKnownFileType = sourcecode.c.h; path = SynthesizeSingleton.h; sourceTree = "<group>"; };
		8A047C05176F2E6D008B2447 /* bSettings.h */ = {isa = PBXFileReference; fileEncoding = 4; lastKnownFileType = sourcecode.c.h; path = bSettings.h; sourceTree = "<group>"; };
		8A047C06176F2E6D008B2447 /* bSettings.m */ = {isa = PBXFileReference; fileEncoding = 4; lastKnownFileType = sourcecode.c.objc; path = bSettings.m; sourceTree = "<group>"; };
		8A047C09176F2EBE008B2447 /* Reachability.h */ = {isa = PBXFileReference; fileEncoding = 4; lastKnownFileType = sourcecode.c.h; path = Reachability.h; sourceTree = "<group>"; };
		8A047C0A176F2EBE008B2447 /* Reachability.m */ = {isa = PBXFileReference; fileEncoding = 4; lastKnownFileType = sourcecode.c.objc; path = Reachability.m; sourceTree = "<group>"; };
		8A047C0C176F2F32008B2447 /* CFNetwork.framework */ = {isa = PBXFileReference; lastKnownFileType = wrapper.framework; name = CFNetwork.framework; path = System/Library/Frameworks/CFNetwork.framework; sourceTree = SDKROOT; };
		8A047C0E176F2F53008B2447 /* SystemConfiguration.framework */ = {isa = PBXFileReference; lastKnownFileType = wrapper.framework; name = SystemConfiguration.framework; path = System/Library/Frameworks/SystemConfiguration.framework; sourceTree = SDKROOT; };
		8A047C10176F300A008B2447 /* Synchronization.h */ = {isa = PBXFileReference; fileEncoding = 4; lastKnownFileType = sourcecode.c.h; path = Synchronization.h; sourceTree = "<group>"; };
		8A047C11176F300A008B2447 /* Synchronization.m */ = {isa = PBXFileReference; fileEncoding = 4; lastKnownFileType = sourcecode.c.objc; path = Synchronization.m; sourceTree = "<group>"; };
		8A65CA20176F33B700F4F10E /* en */ = {isa = PBXFileReference; lastKnownFileType = file.storyboard; name = en; path = en.lproj/MainStoryboard_iPad.storyboard; sourceTree = "<group>"; };
		8A65CA22176F33B700F4F10E /* en */ = {isa = PBXFileReference; lastKnownFileType = file.storyboard; name = en; path = en.lproj/MainStoryboard_iPhone.storyboard; sourceTree = "<group>"; };
		8A65CA25176F35C200F4F10E /* NewestOffers.h */ = {isa = PBXFileReference; fileEncoding = 4; lastKnownFileType = sourcecode.c.h; path = NewestOffers.h; sourceTree = "<group>"; };
		8A65CA26176F35C200F4F10E /* NewestOffers.m */ = {isa = PBXFileReference; fileEncoding = 4; lastKnownFileType = sourcecode.c.objc; path = NewestOffers.m; sourceTree = "<group>"; };
		8A65CA28176F35D500F4F10E /* OffersPeople.h */ = {isa = PBXFileReference; fileEncoding = 4; lastKnownFileType = sourcecode.c.h; path = OffersPeople.h; sourceTree = "<group>"; };
		8A65CA29176F35D500F4F10E /* OffersPeople.m */ = {isa = PBXFileReference; fileEncoding = 4; lastKnownFileType = sourcecode.c.objc; path = OffersPeople.m; sourceTree = "<group>"; };
		8A65CA2B176F35E300F4F10E /* OffersCompanies.h */ = {isa = PBXFileReference; fileEncoding = 4; lastKnownFileType = sourcecode.c.h; path = OffersCompanies.h; sourceTree = "<group>"; };
		8A65CA2C176F35E300F4F10E /* OffersCompanies.m */ = {isa = PBXFileReference; fileEncoding = 4; lastKnownFileType = sourcecode.c.objc; path = OffersCompanies.m; sourceTree = "<group>"; };
		8A65CA2E176F35EE00F4F10E /* OfferDetails.h */ = {isa = PBXFileReference; fileEncoding = 4; lastKnownFileType = sourcecode.c.h; path = OfferDetails.h; sourceTree = "<group>"; };
		8A65CA2F176F35EE00F4F10E /* OfferDetails.m */ = {isa = PBXFileReference; fileEncoding = 4; lastKnownFileType = sourcecode.c.objc; path = OfferDetails.m; sourceTree = "<group>"; };
		8A65CA31176F35F700F4F10E /* Search.h */ = {isa = PBXFileReference; fileEncoding = 4; lastKnownFileType = sourcecode.c.h; path = Search.h; sourceTree = "<group>"; };
		8A65CA32176F35F800F4F10E /* Search.m */ = {isa = PBXFileReference; fileEncoding = 4; lastKnownFileType = sourcecode.c.objc; path = Search.m; sourceTree = "<group>"; };
		8A65CA35176F360700F4F10E /* SearchResults.h */ = {isa = PBXFileReference; fileEncoding = 4; lastKnownFileType = sourcecode.c.h; path = SearchResults.h; sourceTree = "<group>"; };
		8A65CA36176F360700F4F10E /* SearchResults.m */ = {isa = PBXFileReference; fileEncoding = 4; lastKnownFileType = sourcecode.c.objc; path = SearchResults.m; sourceTree = "<group>"; };
		8A65CA38176F361000F4F10E /* Post.h */ = {isa = PBXFileReference; fileEncoding = 4; lastKnownFileType = sourcecode.c.h; path = Post.h; sourceTree = "<group>"; };
		8A65CA39176F361100F4F10E /* Post.m */ = {isa = PBXFileReference; fileEncoding = 4; lastKnownFileType = sourcecode.c.objc; path = Post.m; sourceTree = "<group>"; };
		8A65CA3F176F375F00F4F10E /* BombaJob.xcdatamodel */ = {isa = PBXFileReference; lastKnownFileType = wrapper.xcdatamodel; path = BombaJob.xcdatamodel; sourceTree = "<group>"; };
		8A65CA43176F377700F4F10E /* DBManagedObjectContext.h */ = {isa = PBXFileReference; fileEncoding = 4; lastKnownFileType = sourcecode.c.h; path = DBManagedObjectContext.h; sourceTree = "<group>"; };
		8A65CA44176F377700F4F10E /* DBManagedObjectContext.m */ = {isa = PBXFileReference; fileEncoding = 4; lastKnownFileType = sourcecode.c.objc; path = DBManagedObjectContext.m; sourceTree = "<group>"; };
		8A65CA52176F406300F4F10E /* dbCategory.h */ = {isa = PBXFileReference; fileEncoding = 4; lastKnownFileType = sourcecode.c.h; path = dbCategory.h; sourceTree = "<group>"; };
		8A65CA53176F406300F4F10E /* dbCategory.m */ = {isa = PBXFileReference; fileEncoding = 4; lastKnownFileType = sourcecode.c.objc; path = dbCategory.m; sourceTree = "<group>"; };
		8A65CA55176F406300F4F10E /* dbTextContent.h */ = {isa = PBXFileReference; fileEncoding = 4; lastKnownFileType = sourcecode.c.h; path = dbTextContent.h; sourceTree = "<group>"; };
		8A65CA56176F406300F4F10E /* dbTextContent.m */ = {isa = PBXFileReference; fileEncoding = 4; lastKnownFileType = sourcecode.c.objc; path = dbTextContent.m; sourceTree = "<group>"; };
		8A65CA58176F406300F4F10E /* dbSettings.h */ = {isa = PBXFileReference; fileEncoding = 4; lastKnownFileType = sourcecode.c.h; path = dbSettings.h; sourceTree = "<group>"; };
		8A65CA59176F406300F4F10E /* dbSettings.m */ = {isa = PBXFileReference; fileEncoding = 4; lastKnownFileType = sourcecode.c.objc; path = dbSettings.m; sourceTree = "<group>"; };
		8A65CA5B176F406400F4F10E /* dbJobOffer.h */ = {isa = PBXFileReference; fileEncoding = 4; lastKnownFileType = sourcecode.c.h; path = dbJobOffer.h; sourceTree = "<group>"; };
		8A65CA5C176F406400F4F10E /* dbJobOffer.m */ = {isa = PBXFileReference; fileEncoding = 4; lastKnownFileType = sourcecode.c.objc; path = dbJobOffer.m; sourceTree = "<group>"; };
		8A65CA5F176F408400F4F10E /* BlackAlertView.h */ = {isa = PBXFileReference; fileEncoding = 4; lastKnownFileType = sourcecode.c.h; path = BlackAlertView.h; sourceTree = "<group>"; };
		8A65CA60176F408400F4F10E /* BlackAlertView.m */ = {isa = PBXFileReference; fileEncoding = 4; lastKnownFileType = sourcecode.c.objc; path = BlackAlertView.m; sourceTree = "<group>"; };
		8A65CA62176F40AD00F4F10E /* URLReader.h */ = {isa = PBXFileReference; fileEncoding = 4; lastKnownFileType = sourcecode.c.h; path = URLReader.h; sourceTree = "<group>"; };
		8A65CA63176F40AD00F4F10E /* URLReader.m */ = {isa = PBXFileReference; fileEncoding = 4; lastKnownFileType = sourcecode.c.objc; path = URLReader.m; sourceTree = "<group>"; };
		8A65CA66176F410700F4F10E /* WebService.h */ = {isa = PBXFileReference; fileEncoding = 4; lastKnownFileType = sourcecode.c.h; path = WebService.h; sourceTree = "<group>"; };
		8A65CA67176F410700F4F10E /* WebService.m */ = {isa = PBXFileReference; fileEncoding = 4; lastKnownFileType = sourcecode.c.objc; path = WebService.m; sourceTree = "<group>"; };
		8A65CA68176F410700F4F10E /* Sync.h */ = {isa = PBXFileReference; fileEncoding = 4; lastKnownFileType = sourcecode.c.h; path = Sync.h; sourceTree = "<group>"; };
		8A65CA69176F410700F4F10E /* Sync.m */ = {isa = PBXFileReference; fileEncoding = 4; lastKnownFileType = sourcecode.c.objc; path = Sync.m; sourceTree = "<group>"; };
		8A65CA6D176F431400F4F10E /* Ubuntu-Bold.ttf */ = {isa = PBXFileReference; lastKnownFileType = file; path = "Ubuntu-Bold.ttf"; sourceTree = "<group>"; };
		8A65CA6E176F431400F4F10E /* Ubuntu-BoldItalic.ttf */ = {isa = PBXFileReference; lastKnownFileType = file; path = "Ubuntu-BoldItalic.ttf"; sourceTree = "<group>"; };
		8A65CA6F176F431400F4F10E /* Ubuntu-Italic.ttf */ = {isa = PBXFileReference; lastKnownFileType = file; path = "Ubuntu-Italic.ttf"; sourceTree = "<group>"; };
		8A65CA70176F431400F4F10E /* Ubuntu-Light.ttf */ = {isa = PBXFileReference; lastKnownFileType = file; path = "Ubuntu-Light.ttf"; sourceTree = "<group>"; };
		8A65CA71176F431400F4F10E /* Ubuntu-LightItalic.ttf */ = {isa = PBXFileReference; lastKnownFileType = file; path = "Ubuntu-LightItalic.ttf"; sourceTree = "<group>"; };
		8A65CA72176F431400F4F10E /* Ubuntu-Medium.ttf */ = {isa = PBXFileReference; lastKnownFileType = file; path = "Ubuntu-Medium.ttf"; sourceTree = "<group>"; };
		8A65CA73176F431400F4F10E /* Ubuntu-MediumItalic.ttf */ = {isa = PBXFileReference; lastKnownFileType = file; path = "Ubuntu-MediumItalic.ttf"; sourceTree = "<group>"; };
		8A65CA74176F431400F4F10E /* Ubuntu-Regular.ttf */ = {isa = PBXFileReference; lastKnownFileType = file; path = "Ubuntu-Regular.ttf"; sourceTree = "<group>"; };
		8A65CA75176F431400F4F10E /* UFL.txt */ = {isa = PBXFileReference; fileEncoding = 4; lastKnownFileType = text; path = UFL.txt; sourceTree = "<group>"; };
		8A65CA7F176F441000F4F10E /* Localizable.strings */ = {isa = PBXFileReference; fileEncoding = 4; lastKnownFileType = text.plist.strings; path = Localizable.strings; sourceTree = "<group>"; };
		8A65CA82176F444C00F4F10E /* bg-pattern.png */ = {isa = PBXFileReference; lastKnownFileType = image.png; path = "bg-pattern.png"; sourceTree = "<group>"; };
		8A65CAD0176F5D7D00F4F10E /* tab-newest.png */ = {isa = PBXFileReference; lastKnownFileType = image.png; path = "tab-newest.png"; sourceTree = "<group>"; };
		8A65CAD1176F5D7D00F4F10E /* tab-newest@2x.png */ = {isa = PBXFileReference; lastKnownFileType = image.png; path = "tab-newest@2x.png"; sourceTree = "<group>"; };
		8A65CAD2176F5D7D00F4F10E /* tab-offers.png */ = {isa = PBXFileReference; lastKnownFileType = image.png; path = "tab-offers.png"; sourceTree = "<group>"; };
		8A65CAD3176F5D7D00F4F10E /* tab-offers@2x.png */ = {isa = PBXFileReference; lastKnownFileType = image.png; path = "tab-offers@2x.png"; sourceTree = "<group>"; };
		8A65CAD4176F5D7D00F4F10E /* tab-people.png */ = {isa = PBXFileReference; lastKnownFileType = image.png; path = "tab-people.png"; sourceTree = "<group>"; };
		8A65CAD5176F5D7D00F4F10E /* tab-people@2x.png */ = {isa = PBXFileReference; lastKnownFileType = image.png; path = "tab-people@2x.png"; sourceTree = "<group>"; };
		8A65CAD6176F5D7D00F4F10E /* tab-post.png */ = {isa = PBXFileReference; lastKnownFileType = image.png; path = "tab-post.png"; sourceTree = "<group>"; };
		8A65CAD7176F5D7D00F4F10E /* tab-post@2x.png */ = {isa = PBXFileReference; lastKnownFileType = image.png; path = "tab-post@2x.png"; sourceTree = "<group>"; };
		8A65CAD8176F5D7D00F4F10E /* tab-search.png */ = {isa = PBXFileReference; lastKnownFileType = image.png; path = "tab-search.png"; sourceTree = "<group>"; };
		8A65CAD9176F5D7D00F4F10E /* tab-search@2x.png */ = {isa = PBXFileReference; lastKnownFileType = image.png; path = "tab-search@2x.png"; sourceTree = "<group>"; };
		8A65CADA176F5D7D00F4F10E /* tab-settings.png */ = {isa = PBXFileReference; lastKnownFileType = image.png; path = "tab-settings.png"; sourceTree = "<group>"; };
		8A65CADB176F5D7D00F4F10E /* tab-settings@2x.png */ = {isa = PBXFileReference; lastKnownFileType = image.png; path = "tab-settings@2x.png"; sourceTree = "<group>"; };
		8A65CAE8176F5F1900F4F10E /* Settings.h */ = {isa = PBXFileReference; fileEncoding = 4; lastKnownFileType = sourcecode.c.h; path = Settings.h; sourceTree = "<group>"; };
		8A65CAE9176F5F1A00F4F10E /* Settings.m */ = {isa = PBXFileReference; fileEncoding = 4; lastKnownFileType = sourcecode.c.objc; path = Settings.m; sourceTree = "<group>"; };
		8A65CAEE177076EE00F4F10E /* TabbarController.h */ = {isa = PBXFileReference; fileEncoding = 4; lastKnownFileType = sourcecode.c.h; path = TabbarController.h; sourceTree = "<group>"; };
		8A65CAEF177076EF00F4F10E /* TabbarController.m */ = {isa = PBXFileReference; fileEncoding = 4; lastKnownFileType = sourcecode.c.objc; path = TabbarController.m; sourceTree = "<group>"; };
		8A65CAF1177083D600F4F10E /* tabbar.png */ = {isa = PBXFileReference; lastKnownFileType = image.png; path = tabbar.png; sourceTree = "<group>"; };
		8A65CAF2177083D600F4F10E /* tabbar@2x.png */ = {isa = PBXFileReference; lastKnownFileType = image.png; path = "tabbar@2x.png"; sourceTree = "<group>"; };
		8A65CAF5177084DB00F4F10E /* tabbar_selected.png */ = {isa = PBXFileReference; lastKnownFileType = image.png; path = tabbar_selected.png; sourceTree = "<group>"; };
		8A65CAF6177084DB00F4F10E /* tabbar_selected@2x.png */ = {isa = PBXFileReference; lastKnownFileType = image.png; path = "tabbar_selected@2x.png"; sourceTree = "<group>"; };
		8A65CAFE1770AC3200F4F10E /* tab-about.png */ = {isa = PBXFileReference; lastKnownFileType = image.png; path = "tab-about.png"; sourceTree = "<group>"; };
		8A65CAFF1770AC3200F4F10E /* tab-about@2x.png */ = {isa = PBXFileReference; lastKnownFileType = image.png; path = "tab-about@2x.png"; sourceTree = "<group>"; };
		8A65CB021770AC8200F4F10E /* About.h */ = {isa = PBXFileReference; fileEncoding = 4; lastKnownFileType = sourcecode.c.h; path = About.h; sourceTree = "<group>"; };
		8A65CB031770AC8200F4F10E /* About.m */ = {isa = PBXFileReference; fileEncoding = 4; lastKnownFileType = sourcecode.c.objc; path = About.m; sourceTree = "<group>"; };
		8A65CB051770AFEC00F4F10E /* icon_company@2x.png */ = {isa = PBXFileReference; lastKnownFileType = image.png; path = "icon_company@2x.png"; sourceTree = "<group>"; };
		8A65CB061770AFEC00F4F10E /* icon_person@2x.png */ = {isa = PBXFileReference; lastKnownFileType = image.png; path = "icon_person@2x.png"; sourceTree = "<group>"; };
		8A65CB091770AFFB00F4F10E /* icon_company.png */ = {isa = PBXFileReference; lastKnownFileType = image.png; path = icon_company.png; sourceTree = "<group>"; };
		8A65CB0A1770AFFB00F4F10E /* icon_person.png */ = {isa = PBXFileReference; lastKnownFileType = image.png; path = icon_person.png; sourceTree = "<group>"; };
		8AA9FCBC176F1575001F3849 /* BombaJob.app */ = {isa = PBXFileReference; explicitFileType = wrapper.application; includeInIndex = 0; path = BombaJob.app; sourceTree = BUILT_PRODUCTS_DIR; };
		8AA9FCBF176F1575001F3849 /* UIKit.framework */ = {isa = PBXFileReference; lastKnownFileType = wrapper.framework; name = UIKit.framework; path = System/Library/Frameworks/UIKit.framework; sourceTree = SDKROOT; };
		8AA9FCC1176F1575001F3849 /* Foundation.framework */ = {isa = PBXFileReference; lastKnownFileType = wrapper.framework; name = Foundation.framework; path = System/Library/Frameworks/Foundation.framework; sourceTree = SDKROOT; };
		8AA9FCC3176F1575001F3849 /* CoreGraphics.framework */ = {isa = PBXFileReference; lastKnownFileType = wrapper.framework; name = CoreGraphics.framework; path = System/Library/Frameworks/CoreGraphics.framework; sourceTree = SDKROOT; };
		8AA9FCC7176F1575001F3849 /* BombaJob-Info.plist */ = {isa = PBXFileReference; lastKnownFileType = text.plist.xml; path = "BombaJob-Info.plist"; sourceTree = "<group>"; };
		8AA9FCC9176F1575001F3849 /* en */ = {isa = PBXFileReference; lastKnownFileType = text.plist.strings; name = en; path = en.lproj/InfoPlist.strings; sourceTree = "<group>"; };
		8AA9FCCB176F1575001F3849 /* main.m */ = {isa = PBXFileReference; lastKnownFileType = sourcecode.c.objc; path = main.m; sourceTree = "<group>"; };
		8AA9FCCD176F1575001F3849 /* BombaJob-Prefix.pch */ = {isa = PBXFileReference; lastKnownFileType = sourcecode.c.h; path = "BombaJob-Prefix.pch"; sourceTree = "<group>"; };
		8AA9FCCE176F1575001F3849 /* AppDelegate.h */ = {isa = PBXFileReference; lastKnownFileType = sourcecode.c.h; path = AppDelegate.h; sourceTree = "<group>"; };
		8AA9FCCF176F1575001F3849 /* AppDelegate.m */ = {isa = PBXFileReference; lastKnownFileType = sourcecode.c.objc; path = AppDelegate.m; sourceTree = "<group>"; };
		8AA9FCD1176F1575001F3849 /* Default.png */ = {isa = PBXFileReference; lastKnownFileType = image.png; path = Default.png; sourceTree = "<group>"; };
		8AA9FCD3176F1575001F3849 /* Default@2x.png */ = {isa = PBXFileReference; lastKnownFileType = image.png; path = "Default@2x.png"; sourceTree = "<group>"; };
		8AA9FCD5176F1575001F3849 /* Default-568h@2x.png */ = {isa = PBXFileReference; lastKnownFileType = image.png; path = "Default-568h@2x.png"; sourceTree = "<group>"; };
		8AA9FCFA176F18F3001F3849 /* Icon-72.png */ = {isa = PBXFileReference; lastKnownFileType = image.png; path = "Icon-72.png"; sourceTree = "<group>"; };
		8AA9FCFB176F18F3001F3849 /* Icon-Small-50.png */ = {isa = PBXFileReference; lastKnownFileType = image.png; path = "Icon-Small-50.png"; sourceTree = "<group>"; };
		8AA9FCFC176F18F3001F3849 /* Icon-Small.png */ = {isa = PBXFileReference; lastKnownFileType = image.png; path = "Icon-Small.png"; sourceTree = "<group>"; };
		8AA9FCFD176F18F3001F3849 /* Icon-Small@2x.png */ = {isa = PBXFileReference; lastKnownFileType = image.png; path = "Icon-Small@2x.png"; sourceTree = "<group>"; };
		8AA9FCFE176F18F3001F3849 /* Icon.png */ = {isa = PBXFileReference; lastKnownFileType = image.png; path = Icon.png; sourceTree = "<group>"; };
		8AA9FCFF176F18F3001F3849 /* Icon@2x.png */ = {isa = PBXFileReference; lastKnownFileType = image.png; path = "Icon@2x.png"; sourceTree = "<group>"; };
		8AA9FD00176F18F3001F3849 /* iTunesArtwork.png */ = {isa = PBXFileReference; lastKnownFileType = image.png; path = iTunesArtwork.png; sourceTree = "<group>"; };
		8AA9FD08176F1A8D001F3849 /* Icon-72@2x.png */ = {isa = PBXFileReference; lastKnownFileType = image.png; path = "Icon-72@2x.png"; sourceTree = "<group>"; };
		8AA9FD0A176F1ABD001F3849 /* Icon-Small-50@2x.png */ = {isa = PBXFileReference; lastKnownFileType = image.png; path = "Icon-Small-50@2x.png"; sourceTree = "<group>"; };
/* End PBXFileReference section */

/* Begin PBXFrameworksBuildPhase section */
		8AA9FCB9176F1575001F3849 /* Frameworks */ = {
			isa = PBXFrameworksBuildPhase;
			buildActionMask = 2147483647;
			files = (
				8A047C0F176F2F53008B2447 /* SystemConfiguration.framework in Frameworks */,
				8A047C02176F2D8A008B2447 /* MessageUI.framework in Frameworks */,
				8A047C03176F2D8A008B2447 /* Twitter.framework in Frameworks */,
				8A047BFC176F2D72008B2447 /* Accounts.framework in Frameworks */,
				8A047BFD176F2D72008B2447 /* CoreData.framework in Frameworks */,
				8A047BFF176F2D72008B2447 /* iAd.framework in Frameworks */,
				8AA9FCC0176F1575001F3849 /* UIKit.framework in Frameworks */,
				8AA9FCC2176F1575001F3849 /* Foundation.framework in Frameworks */,
				8AA9FCC4176F1575001F3849 /* CoreGraphics.framework in Frameworks */,
			);
			runOnlyForDeploymentPostprocessing = 0;
		};
/* End PBXFrameworksBuildPhase section */

/* Begin PBXGroup section */
		8A047BDF176F24FF008B2447 /* Launch Images */ = {
			isa = PBXGroup;
			children = (
				8AA9FCD1176F1575001F3849 /* Default.png */,
				8AA9FCD3176F1575001F3849 /* Default@2x.png */,
				8AA9FCD5176F1575001F3849 /* Default-568h@2x.png */,
				8A047BE8176F26B6008B2447 /* Default~ipad.png */,
				8A047BEC176F2BED008B2447 /* Default-Portrait~iPad.png */,
				8A047BF0176F2C35008B2447 /* Default-Portrait@2x~iPad.png */,
				8A047BF4176F2CC2008B2447 /* Default-Landscape~iPad.png */,
				8A047BF6176F2CFD008B2447 /* Default-Landscape@2x~iPad.png */,
			);
			name = "Launch Images";
			sourceTree = "<group>";
		};
		8A047C08176F2EB6008B2447 /* Network */ = {
			isa = PBXGroup;
			children = (
				8A65CA62176F40AD00F4F10E /* URLReader.h */,
				8A65CA63176F40AD00F4F10E /* URLReader.m */,
				8A047C09176F2EBE008B2447 /* Reachability.h */,
				8A047C0A176F2EBE008B2447 /* Reachability.m */,
			);
			name = Network;
			sourceTree = "<group>";
		};
		8A65CA41176F376800F4F10E /* Database */ = {
			isa = PBXGroup;
			children = (
				8A65CA42176F376D00F4F10E /* Entities */,
				8A65CA43176F377700F4F10E /* DBManagedObjectContext.h */,
				8A65CA44176F377700F4F10E /* DBManagedObjectContext.m */,
			);
			name = Database;
			sourceTree = "<group>";
		};
		8A65CA42176F376D00F4F10E /* Entities */ = {
			isa = PBXGroup;
			children = (
				8A65CA52176F406300F4F10E /* dbCategory.h */,
				8A65CA53176F406300F4F10E /* dbCategory.m */,
				8A65CA5B176F406400F4F10E /* dbJobOffer.h */,
				8A65CA5C176F406400F4F10E /* dbJobOffer.m */,
				8A65CA55176F406300F4F10E /* dbTextContent.h */,
				8A65CA56176F406300F4F10E /* dbTextContent.m */,
				8A65CA58176F406300F4F10E /* dbSettings.h */,
				8A65CA59176F406300F4F10E /* dbSettings.m */,
			);
			name = Entities;
			sourceTree = "<group>";
		};
		8A65CA5E176F407C00F4F10E /* UI */ = {
			isa = PBXGroup;
			children = (
				8A65CA5F176F408400F4F10E /* BlackAlertView.h */,
				8A65CA60176F408400F4F10E /* BlackAlertView.m */,
			);
			name = UI;
			sourceTree = "<group>";
		};
		8A65CA65176F40FC00F4F10E /* Webservices */ = {
			isa = PBXGroup;
			children = (
				8A65CA66176F410700F4F10E /* WebService.h */,
				8A65CA67176F410700F4F10E /* WebService.m */,
				8A65CA68176F410700F4F10E /* Sync.h */,
				8A65CA69176F410700F4F10E /* Sync.m */,
			);
			name = Webservices;
			sourceTree = "<group>";
		};
		8A65CA6C176F430900F4F10E /* Fonts */ = {
			isa = PBXGroup;
			children = (
				8A65CA6D176F431400F4F10E /* Ubuntu-Bold.ttf */,
				8A65CA6E176F431400F4F10E /* Ubuntu-BoldItalic.ttf */,
				8A65CA6F176F431400F4F10E /* Ubuntu-Italic.ttf */,
				8A65CA70176F431400F4F10E /* Ubuntu-Light.ttf */,
				8A65CA71176F431400F4F10E /* Ubuntu-LightItalic.ttf */,
				8A65CA72176F431400F4F10E /* Ubuntu-Medium.ttf */,
				8A65CA73176F431400F4F10E /* Ubuntu-MediumItalic.ttf */,
				8A65CA74176F431400F4F10E /* Ubuntu-Regular.ttf */,
				8A65CA75176F431400F4F10E /* UFL.txt */,
			);
			name = Fonts;
			sourceTree = "<group>";
		};
		8A65CA81176F444600F4F10E /* UI */ = {
			isa = PBXGroup;
			children = (
				8A65CA82176F444C00F4F10E /* bg-pattern.png */,
				8A65CB091770AFFB00F4F10E /* icon_company.png */,
				8A65CB051770AFEC00F4F10E /* icon_company@2x.png */,
				8A65CB0A1770AFFB00F4F10E /* icon_person.png */,
				8A65CB061770AFEC00F4F10E /* icon_person@2x.png */,
			);
			name = UI;
			sourceTree = "<group>";
		};
		8A65CA8B176F56E200F4F10E /* Tabbar */ = {
			isa = PBXGroup;
			children = (
				8A65CAF5177084DB00F4F10E /* tabbar_selected.png */,
				8A65CAF6177084DB00F4F10E /* tabbar_selected@2x.png */,
				8A65CAF1177083D600F4F10E /* tabbar.png */,
				8A65CAF2177083D600F4F10E /* tabbar@2x.png */,
				8A65CAD0176F5D7D00F4F10E /* tab-newest.png */,
				8A65CAD1176F5D7D00F4F10E /* tab-newest@2x.png */,
				8A65CAD2176F5D7D00F4F10E /* tab-offers.png */,
				8A65CAD3176F5D7D00F4F10E /* tab-offers@2x.png */,
				8A65CAD4176F5D7D00F4F10E /* tab-people.png */,
				8A65CAD5176F5D7D00F4F10E /* tab-people@2x.png */,
				8A65CAD6176F5D7D00F4F10E /* tab-post.png */,
				8A65CAD7176F5D7D00F4F10E /* tab-post@2x.png */,
				8A65CAD8176F5D7D00F4F10E /* tab-search.png */,
				8A65CAD9176F5D7D00F4F10E /* tab-search@2x.png */,
				8A65CADA176F5D7D00F4F10E /* tab-settings.png */,
				8A65CADB176F5D7D00F4F10E /* tab-settings@2x.png */,
				8A65CAFE1770AC3200F4F10E /* tab-about.png */,
				8A65CAFF1770AC3200F4F10E /* tab-about@2x.png */,
			);
			name = Tabbar;
			sourceTree = "<group>";
		};
		8A65CAFA1770A93700F4F10E /* Views */ = {
			isa = PBXGroup;
			children = (
				8A047C10176F300A008B2447 /* Synchronization.h */,
				8A047C11176F300A008B2447 /* Synchronization.m */,
				8A65CA25176F35C200F4F10E /* NewestOffers.h */,
				8A65CA26176F35C200F4F10E /* NewestOffers.m */,
				8A65CA28176F35D500F4F10E /* OffersPeople.h */,
				8A65CA29176F35D500F4F10E /* OffersPeople.m */,
				8A65CA2B176F35E300F4F10E /* OffersCompanies.h */,
				8A65CA2C176F35E300F4F10E /* OffersCompanies.m */,
				8A65CA2E176F35EE00F4F10E /* OfferDetails.h */,
				8A65CA2F176F35EE00F4F10E /* OfferDetails.m */,
				8A65CA31176F35F700F4F10E /* Search.h */,
				8A65CA32176F35F800F4F10E /* Search.m */,
				8A65CA35176F360700F4F10E /* SearchResults.h */,
				8A65CA36176F360700F4F10E /* SearchResults.m */,
				8A65CA38176F361000F4F10E /* Post.h */,
				8A65CA39176F361100F4F10E /* Post.m */,
				8A65CAE8176F5F1900F4F10E /* Settings.h */,
				8A65CAE9176F5F1A00F4F10E /* Settings.m */,
				8A65CAEE177076EE00F4F10E /* TabbarController.h */,
				8A65CAEF177076EF00F4F10E /* TabbarController.m */,
				8A65CB021770AC8200F4F10E /* About.h */,
				8A65CB031770AC8200F4F10E /* About.m */,
			);
			name = Views;
			sourceTree = "<group>";
		};
		8AA9FCB3176F1575001F3849 = {
			isa = PBXGroup;
			children = (
				8AA9FCC5176F1575001F3849 /* BombaJob */,
				8AA9FCBE176F1575001F3849 /* Frameworks */,
				8AA9FCBD176F1575001F3849 /* Products */,
			);
			sourceTree = "<group>";
		};
		8AA9FCBD176F1575001F3849 /* Products */ = {
			isa = PBXGroup;
			children = (
				8AA9FCBC176F1575001F3849 /* BombaJob.app */,
			);
			name = Products;
			sourceTree = "<group>";
		};
		8AA9FCBE176F1575001F3849 /* Frameworks */ = {
			isa = PBXGroup;
			children = (
				8A047C0E176F2F53008B2447 /* SystemConfiguration.framework */,
				8A047C0C176F2F32008B2447 /* CFNetwork.framework */,
				8A047C00176F2D8A008B2447 /* MessageUI.framework */,
				8A047C01176F2D8A008B2447 /* Twitter.framework */,
				8A047BF8176F2D72008B2447 /* Accounts.framework */,
				8A047BF9176F2D72008B2447 /* CoreData.framework */,
				8A047BFB176F2D72008B2447 /* iAd.framework */,
				8AA9FCBF176F1575001F3849 /* UIKit.framework */,
				8AA9FCC1176F1575001F3849 /* Foundation.framework */,
				8AA9FCC3176F1575001F3849 /* CoreGraphics.framework */,
			);
			name = Frameworks;
			sourceTree = "<group>";
		};
		8AA9FCC5176F1575001F3849 /* BombaJob */ = {
			isa = PBXGroup;
			children = (
				8AA9FCF2176F15D3001F3849 /* Utilities */,
				8AA9FCF1176F15CC001F3849 /* Classes */,
				8AA9FCF0176F15C4001F3849 /* Assets */,
				8AA9FCCE176F1575001F3849 /* AppDelegate.h */,
				8AA9FCCF176F1575001F3849 /* AppDelegate.m */,
				8A65CA1F176F33B700F4F10E /* MainStoryboard_iPad.storyboard */,
				8A65CA21176F33B700F4F10E /* MainStoryboard_iPhone.storyboard */,
				8AA9FCC6176F1575001F3849 /* Supporting Files */,
			);
			path = BombaJob;
			sourceTree = "<group>";
		};
		8AA9FCC6176F1575001F3849 /* Supporting Files */ = {
			isa = PBXGroup;
			children = (
				8AA9FCC7176F1575001F3849 /* BombaJob-Info.plist */,
				8AA9FCC8176F1575001F3849 /* InfoPlist.strings */,
				8AA9FCCB176F1575001F3849 /* main.m */,
				8AA9FCCD176F1575001F3849 /* BombaJob-Prefix.pch */,
			);
			name = "Supporting Files";
			sourceTree = "<group>";
		};
		8AA9FCF0176F15C4001F3849 /* Assets */ = {
			isa = PBXGroup;
			children = (
				8A65CA6C176F430900F4F10E /* Fonts */,
				8AA9FCF8176F18DA001F3849 /* Localization */,
				8AA9FCF7176F18D6001F3849 /* Database */,
				8AA9FCF6176F18D1001F3849 /* Images */,
			);
			name = Assets;
			sourceTree = "<group>";
		};
		8AA9FCF1176F15CC001F3849 /* Classes */ = {
			isa = PBXGroup;
			children = (
				8A65CAFA1770A93700F4F10E /* Views */,
			);
			name = Classes;
			sourceTree = "<group>";
		};
		8AA9FCF2176F15D3001F3849 /* Utilities */ = {
			isa = PBXGroup;
			children = (
				8A65CA5E176F407C00F4F10E /* UI */,
				8A65CA41176F376800F4F10E /* Database */,
				8A047C08176F2EB6008B2447 /* Network */,
				8A65CA65176F40FC00F4F10E /* Webservices */,
				8A047C05176F2E6D008B2447 /* bSettings.h */,
				8A047C06176F2E6D008B2447 /* bSettings.m */,
				8A047C04176F2E2E008B2447 /* SynthesizeSingleton.h */,
			);
			name = Utilities;
			sourceTree = "<group>";
		};
		8AA9FCF6176F18D1001F3849 /* Images */ = {
			isa = PBXGroup;
			children = (
				8A65CA8B176F56E200F4F10E /* Tabbar */,
				8A65CA81176F444600F4F10E /* UI */,
				8A047BDF176F24FF008B2447 /* Launch Images */,
				8AA9FCF9176F18E8001F3849 /* Icons */,
			);
			name = Images;
			sourceTree = "<group>";
		};
		8AA9FCF7176F18D6001F3849 /* Database */ = {
			isa = PBXGroup;
			children = (
				8A65CA3E176F375F00F4F10E /* BombaJob.xcdatamodeld */,
			);
			name = Database;
			sourceTree = "<group>";
		};
		8AA9FCF8176F18DA001F3849 /* Localization */ = {
			isa = PBXGroup;
			children = (
				8A65CA7F176F441000F4F10E /* Localizable.strings */,
			);
			name = Localization;
			sourceTree = "<group>";
		};
		8AA9FCF9176F18E8001F3849 /* Icons */ = {
			isa = PBXGroup;
			children = (
				8AA9FCFA176F18F3001F3849 /* Icon-72.png */,
				8AA9FD08176F1A8D001F3849 /* Icon-72@2x.png */,
				8AA9FCFB176F18F3001F3849 /* Icon-Small-50.png */,
				8AA9FD0A176F1ABD001F3849 /* Icon-Small-50@2x.png */,
				8AA9FCFC176F18F3001F3849 /* Icon-Small.png */,
				8AA9FCFD176F18F3001F3849 /* Icon-Small@2x.png */,
				8AA9FCFE176F18F3001F3849 /* Icon.png */,
				8AA9FCFF176F18F3001F3849 /* Icon@2x.png */,
				8AA9FD00176F18F3001F3849 /* iTunesArtwork.png */,
			);
			name = Icons;
			sourceTree = "<group>";
		};
/* End PBXGroup section */

/* Begin PBXNativeTarget section */
		8AA9FCBB176F1575001F3849 /* BombaJob */ = {
			isa = PBXNativeTarget;
			buildConfigurationList = 8AA9FCED176F1575001F3849 /* Build configuration list for PBXNativeTarget "BombaJob" */;
			buildPhases = (
				8AA9FCB8176F1575001F3849 /* Sources */,
				8AA9FCB9176F1575001F3849 /* Frameworks */,
				8AA9FCBA176F1575001F3849 /* Resources */,
			);
			buildRules = (
			);
			dependencies = (
			);
			name = BombaJob;
			productName = BombaJob;
			productReference = 8AA9FCBC176F1575001F3849 /* BombaJob.app */;
			productType = "com.apple.product-type.application";
		};
/* End PBXNativeTarget section */

/* Begin PBXProject section */
		8AA9FCB4176F1575001F3849 /* Project object */ = {
			isa = PBXProject;
			attributes = {
				LastUpgradeCheck = 0460;
				ORGANIZATIONNAME = BombaJob.bg;
			};
			buildConfigurationList = 8AA9FCB7176F1575001F3849 /* Build configuration list for PBXProject "BombaJob" */;
			compatibilityVersion = "Xcode 3.2";
			developmentRegion = English;
			hasScannedForEncodings = 0;
			knownRegions = (
				en,
			);
			mainGroup = 8AA9FCB3176F1575001F3849;
			productRefGroup = 8AA9FCBD176F1575001F3849 /* Products */;
			projectDirPath = "";
			projectRoot = "";
			targets = (
				8AA9FCBB176F1575001F3849 /* BombaJob */,
			);
		};
/* End PBXProject section */

/* Begin PBXResourcesBuildPhase section */
		8AA9FCBA176F1575001F3849 /* Resources */ = {
			isa = PBXResourcesBuildPhase;
			buildActionMask = 2147483647;
			files = (
				8AA9FCCA176F1575001F3849 /* InfoPlist.strings in Resources */,
				8AA9FCD2176F1575001F3849 /* Default.png in Resources */,
				8AA9FCD4176F1575001F3849 /* Default@2x.png in Resources */,
				8AA9FCD6176F1575001F3849 /* Default-568h@2x.png in Resources */,
				8AA9FD01176F18F3001F3849 /* Icon-72.png in Resources */,
				8AA9FD02176F18F3001F3849 /* Icon-Small-50.png in Resources */,
				8AA9FD03176F18F3001F3849 /* Icon-Small.png in Resources */,
				8AA9FD04176F18F3001F3849 /* Icon-Small@2x.png in Resources */,
				8AA9FD05176F18F3001F3849 /* Icon.png in Resources */,
				8AA9FD06176F18F3001F3849 /* Icon@2x.png in Resources */,
				8AA9FD07176F18F3001F3849 /* iTunesArtwork.png in Resources */,
				8AA9FD09176F1A8D001F3849 /* Icon-72@2x.png in Resources */,
				8AA9FD0B176F1ABD001F3849 /* Icon-Small-50@2x.png in Resources */,
				8A047BE9176F26B6008B2447 /* Default~ipad.png in Resources */,
				8A047BED176F2BED008B2447 /* Default-Portrait~iPad.png in Resources */,
				8A047BF1176F2C35008B2447 /* Default-Portrait@2x~iPad.png in Resources */,
				8A047BF5176F2CC2008B2447 /* Default-Landscape~iPad.png in Resources */,
				8A047BF7176F2CFD008B2447 /* Default-Landscape@2x~iPad.png in Resources */,
				8A65CA23176F33B700F4F10E /* MainStoryboard_iPad.storyboard in Resources */,
				8A65CA24176F33B700F4F10E /* MainStoryboard_iPhone.storyboard in Resources */,
				8A65CA76176F431400F4F10E /* Ubuntu-Bold.ttf in Resources */,
				8A65CA77176F431400F4F10E /* Ubuntu-BoldItalic.ttf in Resources */,
				8A65CA78176F431400F4F10E /* Ubuntu-Italic.ttf in Resources */,
				8A65CA79176F431400F4F10E /* Ubuntu-Light.ttf in Resources */,
				8A65CA7A176F431400F4F10E /* Ubuntu-LightItalic.ttf in Resources */,
				8A65CA7B176F431400F4F10E /* Ubuntu-Medium.ttf in Resources */,
				8A65CA7C176F431400F4F10E /* Ubuntu-MediumItalic.ttf in Resources */,
				8A65CA7D176F431400F4F10E /* Ubuntu-Regular.ttf in Resources */,
				8A65CA7E176F431400F4F10E /* UFL.txt in Resources */,
				8A65CA80176F441000F4F10E /* Localizable.strings in Resources */,
				8A65CA83176F444C00F4F10E /* bg-pattern.png in Resources */,
				8A65CADC176F5D7D00F4F10E /* tab-newest.png in Resources */,
				8A65CADD176F5D7D00F4F10E /* tab-newest@2x.png in Resources */,
				8A65CADE176F5D7D00F4F10E /* tab-offers.png in Resources */,
				8A65CADF176F5D7D00F4F10E /* tab-offers@2x.png in Resources */,
				8A65CAE0176F5D7D00F4F10E /* tab-people.png in Resources */,
				8A65CAE1176F5D7D00F4F10E /* tab-people@2x.png in Resources */,
				8A65CAE2176F5D7D00F4F10E /* tab-post.png in Resources */,
				8A65CAE3176F5D7D00F4F10E /* tab-post@2x.png in Resources */,
				8A65CAE4176F5D7D00F4F10E /* tab-search.png in Resources */,
				8A65CAE5176F5D7D00F4F10E /* tab-search@2x.png in Resources */,
				8A65CAE6176F5D7D00F4F10E /* tab-settings.png in Resources */,
				8A65CAE7176F5D7D00F4F10E /* tab-settings@2x.png in Resources */,
				8A65CAF3177083D600F4F10E /* tabbar.png in Resources */,
				8A65CAF4177083D600F4F10E /* tabbar@2x.png in Resources */,
				8A65CAF7177084DB00F4F10E /* tabbar_selected.png in Resources */,
				8A65CAF8177084DB00F4F10E /* tabbar_selected@2x.png in Resources */,
				8A65CB001770AC3200F4F10E /* tab-about.png in Resources */,
				8A65CB011770AC3200F4F10E /* tab-about@2x.png in Resources */,
				8A65CB071770AFEC00F4F10E /* icon_company@2x.png in Resources */,
				8A65CB081770AFEC00F4F10E /* icon_person@2x.png in Resources */,
				8A65CB0B1770AFFB00F4F10E /* icon_company.png in Resources */,
				8A65CB0C1770AFFB00F4F10E /* icon_person.png in Resources */,
			);
			runOnlyForDeploymentPostprocessing = 0;
		};
/* End PBXResourcesBuildPhase section */

/* Begin PBXSourcesBuildPhase section */
		8AA9FCB8176F1575001F3849 /* Sources */ = {
			isa = PBXSourcesBuildPhase;
			buildActionMask = 2147483647;
			files = (
				8AA9FCCC176F1575001F3849 /* main.m in Sources */,
				8AA9FCD0176F1575001F3849 /* AppDelegate.m in Sources */,
				8A047C07176F2E6D008B2447 /* bSettings.m in Sources */,
				8A047C0B176F2EBE008B2447 /* Reachability.m in Sources */,
				8A047C12176F300A008B2447 /* Synchronization.m in Sources */,
				8A65CA27176F35C200F4F10E /* NewestOffers.m in Sources */,
				8A65CA2A176F35D500F4F10E /* OffersPeople.m in Sources */,
				8A65CA2D176F35E300F4F10E /* OffersCompanies.m in Sources */,
				8A65CA30176F35EE00F4F10E /* OfferDetails.m in Sources */,
				8A65CA33176F35F800F4F10E /* Search.m in Sources */,
				8A65CA37176F360700F4F10E /* SearchResults.m in Sources */,
				8A65CA3A176F361100F4F10E /* Post.m in Sources */,
				8A65CA40176F375F00F4F10E /* BombaJob.xcdatamodeld in Sources */,
				8A65CA45176F377700F4F10E /* DBManagedObjectContext.m in Sources */,
				8A65CA54176F406300F4F10E /* dbCategory.m in Sources */,
				8A65CA57176F406300F4F10E /* dbTextContent.m in Sources */,
				8A65CA5A176F406300F4F10E /* dbSettings.m in Sources */,
				8A65CA5D176F406400F4F10E /* dbJobOffer.m in Sources */,
				8A65CA61176F408400F4F10E /* BlackAlertView.m in Sources */,
				8A65CA64176F40AD00F4F10E /* URLReader.m in Sources */,
				8A65CA6A176F410700F4F10E /* WebService.m in Sources */,
				8A65CA6B176F410700F4F10E /* Sync.m in Sources */,
				8A65CAEA176F5F1B00F4F10E /* Settings.m in Sources */,
				8A65CAF0177076EF00F4F10E /* TabbarController.m in Sources */,
				8A65CB041770AC8200F4F10E /* About.m in Sources */,
			);
			runOnlyForDeploymentPostprocessing = 0;
		};
/* End PBXSourcesBuildPhase section */

/* Begin PBXVariantGroup section */
		8A65CA1F176F33B700F4F10E /* MainStoryboard_iPad.storyboard */ = {
			isa = PBXVariantGroup;
			children = (
				8A65CA20176F33B700F4F10E /* en */,
			);
			name = MainStoryboard_iPad.storyboard;
			sourceTree = "<group>";
		};
		8A65CA21176F33B700F4F10E /* MainStoryboard_iPhone.storyboard */ = {
			isa = PBXVariantGroup;
			children = (
				8A65CA22176F33B700F4F10E /* en */,
			);
			name = MainStoryboard_iPhone.storyboard;
			sourceTree = "<group>";
		};
		8AA9FCC8176F1575001F3849 /* InfoPlist.strings */ = {
			isa = PBXVariantGroup;
			children = (
				8AA9FCC9176F1575001F3849 /* en */,
			);
			name = InfoPlist.strings;
			sourceTree = "<group>";
		};
/* End PBXVariantGroup section */

/* Begin XCBuildConfiguration section */
		8AA9FCEB176F1575001F3849 /* Debug */ = {
			isa = XCBuildConfiguration;
			buildSettings = {
				ALWAYS_SEARCH_USER_PATHS = NO;
				CLANG_CXX_LANGUAGE_STANDARD = "gnu++0x";
				CLANG_CXX_LIBRARY = "libc++";
				CLANG_ENABLE_OBJC_ARC = YES;
				CLANG_WARN_CONSTANT_CONVERSION = YES;
				CLANG_WARN_EMPTY_BODY = YES;
				CLANG_WARN_ENUM_CONVERSION = YES;
				CLANG_WARN_INT_CONVERSION = YES;
				CLANG_WARN__DUPLICATE_METHOD_MATCH = YES;
				"CODE_SIGN_IDENTITY[sdk=iphoneos*]" = "iPhone Developer";
				COPY_PHASE_STRIP = NO;
				GCC_C_LANGUAGE_STANDARD = gnu99;
				GCC_DYNAMIC_NO_PIC = NO;
				GCC_OPTIMIZATION_LEVEL = 0;
				GCC_PREPROCESSOR_DEFINITIONS = (
					"DEBUG=1",
					"$(inherited)",
				);
				GCC_SYMBOLS_PRIVATE_EXTERN = NO;
				GCC_WARN_ABOUT_RETURN_TYPE = YES;
				GCC_WARN_UNINITIALIZED_AUTOS = YES;
				GCC_WARN_UNUSED_VARIABLE = YES;
				IPHONEOS_DEPLOYMENT_TARGET = 6.1;
				ONLY_ACTIVE_ARCH = YES;
				SDKROOT = iphoneos;
				TARGETED_DEVICE_FAMILY = "1,2";
			};
			name = Debug;
		};
		8AA9FCEC176F1575001F3849 /* Release */ = {
			isa = XCBuildConfiguration;
			buildSettings = {
				ALWAYS_SEARCH_USER_PATHS = NO;
				CLANG_CXX_LANGUAGE_STANDARD = "gnu++0x";
				CLANG_CXX_LIBRARY = "libc++";
				CLANG_ENABLE_OBJC_ARC = YES;
				CLANG_WARN_CONSTANT_CONVERSION = YES;
				CLANG_WARN_EMPTY_BODY = YES;
				CLANG_WARN_ENUM_CONVERSION = YES;
				CLANG_WARN_INT_CONVERSION = YES;
				CLANG_WARN__DUPLICATE_METHOD_MATCH = YES;
				"CODE_SIGN_IDENTITY[sdk=iphoneos*]" = "iPhone Developer";
				COPY_PHASE_STRIP = YES;
				GCC_C_LANGUAGE_STANDARD = gnu99;
				GCC_WARN_ABOUT_RETURN_TYPE = YES;
				GCC_WARN_UNINITIALIZED_AUTOS = YES;
				GCC_WARN_UNUSED_VARIABLE = YES;
				IPHONEOS_DEPLOYMENT_TARGET = 6.1;
				OTHER_CFLAGS = "-DNS_BLOCK_ASSERTIONS=1";
				SDKROOT = iphoneos;
				TARGETED_DEVICE_FAMILY = "1,2";
				VALIDATE_PRODUCT = YES;
			};
			name = Release;
		};
		8AA9FCEE176F1575001F3849 /* Debug */ = {
			isa = XCBuildConfiguration;
			buildSettings = {
				GCC_PRECOMPILE_PREFIX_HEADER = YES;
				GCC_PREFIX_HEADER = "BombaJob/BombaJob-Prefix.pch";
				INFOPLIST_FILE = "BombaJob/BombaJob-Info.plist";
				IPHONEOS_DEPLOYMENT_TARGET = 6.0;
				PRODUCT_NAME = "$(TARGET_NAME)";
				WRAPPER_EXTENSION = app;
			};
			name = Debug;
		};
		8AA9FCEF176F1575001F3849 /* Release */ = {
			isa = XCBuildConfiguration;
			buildSettings = {
				GCC_PRECOMPILE_PREFIX_HEADER = YES;
				GCC_PREFIX_HEADER = "BombaJob/BombaJob-Prefix.pch";
				INFOPLIST_FILE = "BombaJob/BombaJob-Info.plist";
				IPHONEOS_DEPLOYMENT_TARGET = 6.0;
				PRODUCT_NAME = "$(TARGET_NAME)";
				WRAPPER_EXTENSION = app;
			};
			name = Release;
		};
/* End XCBuildConfiguration section */

/* Begin XCConfigurationList section */
		8AA9FCB7176F1575001F3849 /* Build configuration list for PBXProject "BombaJob" */ = {
			isa = XCConfigurationList;
			buildConfigurations = (
				8AA9FCEB176F1575001F3849 /* Debug */,
				8AA9FCEC176F1575001F3849 /* Release */,
			);
			defaultConfigurationIsVisible = 0;
			defaultConfigurationName = Release;
		};
		8AA9FCED176F1575001F3849 /* Build configuration list for PBXNativeTarget "BombaJob" */ = {
			isa = XCConfigurationList;
			buildConfigurations = (
				8AA9FCEE176F1575001F3849 /* Debug */,
				8AA9FCEF176F1575001F3849 /* Release */,
			);
			defaultConfigurationIsVisible = 0;
			defaultConfigurationName = Release;
		};
/* End XCConfigurationList section */

/* Begin XCVersionGroup section */
		8A65CA3E176F375F00F4F10E /* BombaJob.xcdatamodeld */ = {
			isa = XCVersionGroup;
			children = (
				8A65CA3F176F375F00F4F10E /* BombaJob.xcdatamodel */,
			);
			currentVersion = 8A65CA3F176F375F00F4F10E /* BombaJob.xcdatamodel */;
			path = BombaJob.xcdatamodeld;
			sourceTree = "<group>";
			versionGroupType = wrapper.xcdatamodel;
		};
/* End XCVersionGroup section */
	};
	rootObject = 8AA9FCB4176F1575001F3849 /* Project object */;
}
